
Microsoft Visual Studio Solution File, Format Version 12.00
# Visual Studio 15
VisualStudioVersion = 15.0.28307.168
MinimumVisualStudioVersion = 10.0.40219.1
Project("{FAE04EC0-301F-11D3-BF4B-00C04F79EFBC}") = "Webapps", "Webapps\Webapps.csproj", "{3DB0C214-D863-43F4-9E9F-34641FFD21E8}"
EndProject
Project("{FAE04EC0-301F-11D3-BF4B-00C04F79EFBC}") = "BasicNetApps", "BasicNetApps\BasicNetApps.csproj", "{42C83783-48B1-408F-A77F-C2574FE506D5}"
EndProject
Project("{FAE04EC0-301F-11D3-BF4B-00C04F79EFBC}") = "NormalWebformPage", "NormalWebformPage\NormalWebformPage.csproj", "{79BD39DF-F6A9-4C4A-8399-1EBE6D7B7056}"
EndProject
Project("{9A19103F-16F7-4668-BE54-9A1E7A4F7556}") = "MyClassLibrary", "MyClassLibrary\MyClassLibrary.csproj", "{FA7ACBF9-61A1-4BB2-85E1-60386A3FAEDD}"
EndProject
Project("{FAE04EC0-301F-11D3-BF4B-00C04F79EFBC}") = "PerformanceConsoleApps", "PerformanceConsoleApps\PerformanceConsoleApps.csproj", "{B5C6AD9F-BED7-4869-AEED-C77FC94ECDDF}"
EndProject
Global
	GlobalSection(SolutionConfigurationPlatforms) = preSolution
		Debug|Any CPU = Debug|Any CPU
		Debug|x64 = Debug|x64
		Debug|x86 = Debug|x86
		Release|Any CPU = Release|Any CPU
		Release|x64 = Release|x64
		Release|x86 = Release|x86
	EndGlobalSection
	GlobalSection(ProjectConfigurationPlatforms) = postSolution
		{3DB0C214-D863-43F4-9E9F-34641FFD21E8}.Debug|Any CPU.ActiveCfg = Debug|Any CPU
		{3DB0C214-D863-43F4-9E9F-34641FFD21E8}.Debug|Any CPU.Build.0 = Debug|Any CPU
		{3DB0C214-D863-43F4-9E9F-34641FFD21E8}.Debug|x64.ActiveCfg = Debug|Any CPU
		{3DB0C214-D863-43F4-9E9F-34641FFD21E8}.Debug|x64.Build.0 = Debug|Any CPU
		{3DB0C214-D863-43F4-9E9F-34641FFD21E8}.Debug|x86.ActiveCfg = Debug|Any CPU
		{3DB0C214-D863-43F4-9E9F-34641FFD21E8}.Debug|x86.Build.0 = Debug|Any CPU
		{3DB0C214-D863-43F4-9E9F-34641FFD21E8}.Release|Any CPU.ActiveCfg = Release|Any CPU
		{3DB0C214-D863-43F4-9E9F-34641FFD21E8}.Release|Any CPU.Build.0 = Release|Any CPU
		{3DB0C214-D863-43F4-9E9F-34641FFD21E8}.Release|x64.ActiveCfg = Release|Any CPU
		{3DB0C214-D863-43F4-9E9F-34641FFD21E8}.Release|x64.Build.0 = Release|Any CPU
		{3DB0C214-D863-43F4-9E9F-34641FFD21E8}.Release|x86.ActiveCfg = Release|Any CPU
		{3DB0C214-D863-43F4-9E9F-34641FFD21E8}.Release|x86.Build.0 = Release|Any CPU
		{42C83783-48B1-408F-A77F-C2574FE506D5}.Debug|Any CPU.ActiveCfg = Debug|Any CPU
		{42C83783-48B1-408F-A77F-C2574FE506D5}.Debug|Any CPU.Build.0 = Debug|Any CPU
		{42C83783-48B1-408F-A77F-C2574FE506D5}.Debug|x64.ActiveCfg = Debug|Any CPU
		{42C83783-48B1-408F-A77F-C2574FE506D5}.Debug|x64.Build.0 = Debug|Any CPU
		{42C83783-48B1-408F-A77F-C2574FE506D5}.Debug|x86.ActiveCfg = Debug|Any CPU
		{42C83783-48B1-408F-A77F-C2574FE506D5}.Debug|x86.Build.0 = Debug|Any CPU
		{42C83783-48B1-408F-A77F-C2574FE506D5}.Release|Any CPU.ActiveCfg = Release|Any CPU
		{42C83783-48B1-408F-A77F-C2574FE506D5}.Release|Any CPU.Build.0 = Release|Any CPU
		{42C83783-48B1-408F-A77F-C2574FE506D5}.Release|x64.ActiveCfg = Release|Any CPU
		{42C83783-48B1-408F-A77F-C2574FE506D5}.Release|x64.Build.0 = Release|Any CPU
		{42C83783-48B1-408F-A77F-C2574FE506D5}.Release|x86.ActiveCfg = Release|Any CPU
		{42C83783-48B1-408F-A77F-C2574FE506D5}.Release|x86.Build.0 = Release|Any CPU
		{79BD39DF-F6A9-4C4A-8399-1EBE6D7B7056}.Debug|Any CPU.ActiveCfg = Debug|Any CPU
		{79BD39DF-F6A9-4C4A-8399-1EBE6D7B7056}.Debug|Any CPU.Build.0 = Debug|Any CPU
		{79BD39DF-F6A9-4C4A-8399-1EBE6D7B7056}.Debug|x64.ActiveCfg = Debug|Any CPU
		{79BD39DF-F6A9-4C4A-8399-1EBE6D7B7056}.Debug|x64.Build.0 = Debug|Any CPU
		{79BD39DF-F6A9-4C4A-8399-1EBE6D7B7056}.Debug|x86.ActiveCfg = Debug|Any CPU
		{79BD39DF-F6A9-4C4A-8399-1EBE6D7B7056}.Debug|x86.Build.0 = Debug|Any CPU
		{79BD39DF-F6A9-4C4A-8399-1EBE6D7B7056}.Release|Any CPU.ActiveCfg = Release|Any CPU
		{79BD39DF-F6A9-4C4A-8399-1EBE6D7B7056}.Release|Any CPU.Build.0 = Release|Any CPU
		{79BD39DF-F6A9-4C4A-8399-1EBE6D7B7056}.Release|x64.ActiveCfg = Release|Any CPU
		{79BD39DF-F6A9-4C4A-8399-1EBE6D7B7056}.Release|x64.Build.0 = Release|Any CPU
		{79BD39DF-F6A9-4C4A-8399-1EBE6D7B7056}.Release|x86.ActiveCfg = Release|Any CPU
		{79BD39DF-F6A9-4C4A-8399-1EBE6D7B7056}.Release|x86.Build.0 = Release|Any CPU
		{FA7ACBF9-61A1-4BB2-85E1-60386A3FAEDD}.Debug|Any CPU.ActiveCfg = Debug|Any CPU
		{FA7ACBF9-61A1-4BB2-85E1-60386A3FAEDD}.Debug|Any CPU.Build.0 = Debug|Any CPU
		{FA7ACBF9-61A1-4BB2-85E1-60386A3FAEDD}.Debug|x64.ActiveCfg = Debug|Any CPU
		{FA7ACBF9-61A1-4BB2-85E1-60386A3FAEDD}.Debug|x64.Build.0 = Debug|Any CPU
		{FA7ACBF9-61A1-4BB2-85E1-60386A3FAEDD}.Debug|x86.ActiveCfg = Debug|Any CPU
		{FA7ACBF9-61A1-4BB2-85E1-60386A3FAEDD}.Debug|x86.Build.0 = Debug|Any CPU
		{FA7ACBF9-61A1-4BB2-85E1-60386A3FAEDD}.Release|Any CPU.ActiveCfg = Release|Any CPU
		{FA7ACBF9-61A1-4BB2-85E1-60386A3FAEDD}.Release|Any CPU.Build.0 = Release|Any CPU
		{FA7ACBF9-61A1-4BB2-85E1-60386A3FAEDD}.Release|x64.ActiveCfg = Release|Any CPU
		{FA7ACBF9-61A1-4BB2-85E1-60386A3FAEDD}.Release|x64.Build.0 = Release|Any CPU
		{FA7ACBF9-61A1-4BB2-85E1-60386A3FAEDD}.Release|x86.ActiveCfg = Release|Any CPU
		{FA7ACBF9-61A1-4BB2-85E1-60386A3FAEDD}.Release|x86.Build.0 = Release|Any CPU
		{B5C6AD9F-BED7-4869-AEED-C77FC94ECDDF}.Debug|Any CPU.ActiveCfg = Debug|Any CPU
		{B5C6AD9F-BED7-4869-AEED-C77FC94ECDDF}.Debug|Any CPU.Build.0 = Debug|Any CPU
		{B5C6AD9F-BED7-4869-AEED-C77FC94ECDDF}.Debug|x64.ActiveCfg = Debug|x64
		{B5C6AD9F-BED7-4869-AEED-C77FC94ECDDF}.Debug|x64.Build.0 = Debug|x64
		{B5C6AD9F-BED7-4869-AEED-C77FC94ECDDF}.Debug|x86.ActiveCfg = Debug|x86
		{B5C6AD9F-BED7-4869-AEED-C77FC94ECDDF}.Debug|x86.Build.0 = Debug|x86
		{B5C6AD9F-BED7-4869-AEED-C77FC94ECDDF}.Release|Any CPU.ActiveCfg = Release|Any CPU
		{B5C6AD9F-BED7-4869-AEED-C77FC94ECDDF}.Release|Any CPU.Build.0 = Release|Any CPU
		{B5C6AD9F-BED7-4869-AEED-C77FC94ECDDF}.Release|x64.ActiveCfg = Release|x64
		{B5C6AD9F-BED7-4869-AEED-C77FC94ECDDF}.Release|x64.Build.0 = Release|x64
		{B5C6AD9F-BED7-4869-AEED-C77FC94ECDDF}.Release|x86.ActiveCfg = Release|x86
		{B5C6AD9F-BED7-4869-AEED-C77FC94ECDDF}.Release|x86.Build.0 = Release|x86
	EndGlobalSection
	GlobalSection(SolutionProperties) = preSolution
		HideSolutionNode = FALSE
	EndGlobalSection
	GlobalSection(ExtensibilityGlobals) = postSolution
		SolutionGuid = {F9BF4F48-D48A-4705-8E92-F3FCBA41172F}
	EndGlobalSection
EndGlobal
